
Microsoft Visual Studio Solution File, Format Version 12.00
# Visual Studio Version 17
VisualStudioVersion = 17.9.34607.119
MinimumVisualStudioVersion = 10.0.40219.1
Project("{2150E333-8FDC-42A3-9474-1A3956D46DE8}") = "Behavioral", "Behavioral", "{C3B6266B-80F2-4E34-8C66-91C324AB2A4C}"
EndProject
Project("{2150E333-8FDC-42A3-9474-1A3956D46DE8}") = "Structural", "Structural", "{EE868B72-19C6-4F3D-A7A1-8DE4037A14A1}"
EndProject
Project("{FAE04EC0-301F-11D3-BF4B-00C04F79EFBC}") = "Creational", "Creational\Creational.csproj", "{21ECACFE-4CAF-4EBA-93E9-0C72F81CB7BD}"
EndProject
Global
	GlobalSection(SolutionConfigurationPlatforms) = preSolution
		Debug|Any CPU = Debug|Any CPU
		Release|Any CPU = Release|Any CPU
	EndGlobalSection
	GlobalSection(ProjectConfigurationPlatforms) = postSolution
		{21ECACFE-4CAF-4EBA-93E9-0C72F81CB7BD}.Debug|Any CPU.ActiveCfg = Debug|Any CPU
		{21ECACFE-4CAF-4EBA-93E9-0C72F81CB7BD}.Debug|Any CPU.Build.0 = Debug|Any CPU
		{21ECACFE-4CAF-4EBA-93E9-0C72F81CB7BD}.Release|Any CPU.ActiveCfg = Release|Any CPU
		{21ECACFE-4CAF-4EBA-93E9-0C72F81CB7BD}.Release|Any CPU.Build.0 = Release|Any CPU
	EndGlobalSection
	GlobalSection(SolutionProperties) = preSolution
		HideSolutionNode = FALSE
	EndGlobalSection
	GlobalSection(ExtensibilityGlobals) = postSolution
		SolutionGuid = {F09DAFA2-B811-40B5-BBE2-4D28984E6250}
	EndGlobalSection
EndGlobal
