
Microsoft Visual Studio Solution File, Format Version 12.00
# Visual Studio Version 17
VisualStudioVersion = 17.9.34607.119
MinimumVisualStudioVersion = 10.0.40219.1
Project("{FAE04EC0-301F-11D3-BF4B-00C04F79EFBC}") = "Creational", "Creational\Creational.csproj", "{4DC8D63E-4B25-4283-9CF1-4D1BD6AA2A9D}"
EndProject
Global
	GlobalSection(SolutionConfigurationPlatforms) = preSolution
		Debug|Any CPU = Debug|Any CPU
		Release|Any CPU = Release|Any CPU
	EndGlobalSection
	GlobalSection(ProjectConfigurationPlatforms) = postSolution
		{4DC8D63E-4B25-4283-9CF1-4D1BD6AA2A9D}.Debug|Any CPU.ActiveCfg = Debug|Any CPU
		{4DC8D63E-4B25-4283-9CF1-4D1BD6AA2A9D}.Debug|Any CPU.Build.0 = Debug|Any CPU
		{4DC8D63E-4B25-4283-9CF1-4D1BD6AA2A9D}.Release|Any CPU.ActiveCfg = Release|Any CPU
		{4DC8D63E-4B25-4283-9CF1-4D1BD6AA2A9D}.Release|Any CPU.Build.0 = Release|Any CPU
	EndGlobalSection
	GlobalSection(SolutionProperties) = preSolution
		HideSolutionNode = FALSE
	EndGlobalSection
	GlobalSection(ExtensibilityGlobals) = postSolution
		SolutionGuid = {F09DAFA2-B811-40B5-BBE2-4D28984E6250}
	EndGlobalSection
EndGlobal
